
Microsoft Visual Studio Solution File, Format Version 12.00
# Visual Studio Version 17
VisualStudioVersion = 17.3.32929.385
MinimumVisualStudioVersion = 10.0.40219.1
Project("{9A19103F-16F7-4668-BE54-9A1E7A4F7556}") = "Anc.Api.Automation.Tests", "Anc.Api.Automation.Tests\Anc.Api.Automation.Tests.csproj", "{F8E50A46-5AC8-4D7D-A941-CFE39E105E03}"
EndProject
Global
	GlobalSection(SolutionConfigurationPlatforms) = preSolution
		Debug|Any CPU = Debug|Any CPU
		Release|Any CPU = Release|Any CPU
	EndGlobalSection
	GlobalSection(ProjectConfigurationPlatforms) = postSolution
		{F8E50A46-5AC8-4D7D-A941-CFE39E105E03}.Debug|Any CPU.ActiveCfg = Debug|Any CPU
		{F8E50A46-5AC8-4D7D-A941-CFE39E105E03}.Debug|Any CPU.Build.0 = Debug|Any CPU
		{F8E50A46-5AC8-4D7D-A941-CFE39E105E03}.Release|Any CPU.ActiveCfg = Release|Any CPU
		{F8E50A46-5AC8-4D7D-A941-CFE39E105E03}.Release|Any CPU.Build.0 = Release|Any CPU
	EndGlobalSection
	GlobalSection(SolutionProperties) = preSolution
		HideSolutionNode = FALSE
	EndGlobalSection
	GlobalSection(ExtensibilityGlobals) = postSolution
		SolutionGuid = {FE2B316F-B17C-4A6B-846C-6091F51AF9A8}
	EndGlobalSection
EndGlobal
